
Microsoft Visual Studio Solution File, Format Version 12.00
Project("{2150E333-8FDC-42A3-9474-1A3956D46DE8}") = "src", "src", "{07DA4847-055B-41AA-B6B4-24C110235682}"
EndProject
Project("{2150E333-8FDC-42A3-9474-1A3956D46DE8}") = "test", "test", "{396ABF51-8FDC-4C30-BCE4-6DCFB45E773B}"
EndProject
Project("{2150E333-8FDC-42A3-9474-1A3956D46DE8}") = "API", "API", "{D36FE82D-E451-4FFB-AB57-5E022093597E}"
EndProject
Project("{2150E333-8FDC-42A3-9474-1A3956D46DE8}") = "Core", "Core", "{25E2D61F-459A-46E2-B48E-D9A66C43124E}"
EndProject
Project("{2150E333-8FDC-42A3-9474-1A3956D46DE8}") = "Infrastructure", "Infrastructure", "{FE32C3C4-C103-4D8D-8D8F-A76C3E0855CD}"
EndProject
Project("{2150E333-8FDC-42A3-9474-1A3956D46DE8}") = "UI", "UI", "{CFFA38F9-3014-4332-BBC0-B0A6E60E93F8}"
EndProject
Project("{FAE04EC0-301F-11D3-BF4B-00C04F79EFBC}") = "PJK.Jobseeker.Domain", "PJK.Jobseeker.Domain\PJK.Jobseeker.Domain.csproj", "{EAAF2085-9E57-4B2F-9724-78C61386A87C}"
EndProject
Project("{FAE04EC0-301F-11D3-BF4B-00C04F79EFBC}") = "PJK.Jobseeker.Application", "PJK.Jobseeker.Application\PJK.Jobseeker.Application.csproj", "{7D251A40-652A-4491-8B8F-FC91F3E06A77}"
EndProject
Global
	GlobalSection(SolutionConfigurationPlatforms) = preSolution
		Debug|Any CPU = Debug|Any CPU
		Release|Any CPU = Release|Any CPU
	EndGlobalSection
	GlobalSection(NestedProjects) = preSolution
		{D36FE82D-E451-4FFB-AB57-5E022093597E} = {07DA4847-055B-41AA-B6B4-24C110235682}
		{25E2D61F-459A-46E2-B48E-D9A66C43124E} = {07DA4847-055B-41AA-B6B4-24C110235682}
		{FE32C3C4-C103-4D8D-8D8F-A76C3E0855CD} = {07DA4847-055B-41AA-B6B4-24C110235682}
		{CFFA38F9-3014-4332-BBC0-B0A6E60E93F8} = {07DA4847-055B-41AA-B6B4-24C110235682}
		{EAAF2085-9E57-4B2F-9724-78C61386A87C} = {25E2D61F-459A-46E2-B48E-D9A66C43124E}
		{7D251A40-652A-4491-8B8F-FC91F3E06A77} = {25E2D61F-459A-46E2-B48E-D9A66C43124E}
	EndGlobalSection
	GlobalSection(ProjectConfigurationPlatforms) = postSolution
		{EAAF2085-9E57-4B2F-9724-78C61386A87C}.Debug|Any CPU.ActiveCfg = Debug|Any CPU
		{EAAF2085-9E57-4B2F-9724-78C61386A87C}.Debug|Any CPU.Build.0 = Debug|Any CPU
		{EAAF2085-9E57-4B2F-9724-78C61386A87C}.Release|Any CPU.ActiveCfg = Release|Any CPU
		{EAAF2085-9E57-4B2F-9724-78C61386A87C}.Release|Any CPU.Build.0 = Release|Any CPU
		{7D251A40-652A-4491-8B8F-FC91F3E06A77}.Debug|Any CPU.ActiveCfg = Debug|Any CPU
		{7D251A40-652A-4491-8B8F-FC91F3E06A77}.Debug|Any CPU.Build.0 = Debug|Any CPU
		{7D251A40-652A-4491-8B8F-FC91F3E06A77}.Release|Any CPU.ActiveCfg = Release|Any CPU
		{7D251A40-652A-4491-8B8F-FC91F3E06A77}.Release|Any CPU.Build.0 = Release|Any CPU
	EndGlobalSection
EndGlobal
